
Microsoft Visual Studio Solution File, Format Version 12.00
# Visual Studio Version 16
VisualStudioVersion = 16.0.33130.400
MinimumVisualStudioVersion = 10.0.40219.1
Project("{FAE04EC0-301F-11D3-BF4B-00C04F79EFBC}") = "WebApplication4", "WebApplication4\WebApplication4.csproj", "{F655FA9D-49EA-418F-8F45-8F95CF218A21}"
EndProject
Global
	GlobalSection(SolutionConfigurationPlatforms) = preSolution
		Debug|Any CPU = Debug|Any CPU
		Release|Any CPU = Release|Any CPU
	EndGlobalSection
	GlobalSection(ProjectConfigurationPlatforms) = postSolution
		{F655FA9D-49EA-418F-8F45-8F95CF218A21}.Debug|Any CPU.ActiveCfg = Debug|Any CPU
		{F655FA9D-49EA-418F-8F45-8F95CF218A21}.Debug|Any CPU.Build.0 = Debug|Any CPU
		{F655FA9D-49EA-418F-8F45-8F95CF218A21}.Release|Any CPU.ActiveCfg = Release|Any CPU
		{F655FA9D-49EA-418F-8F45-8F95CF218A21}.Release|Any CPU.Build.0 = Release|Any CPU
	EndGlobalSection
	GlobalSection(SolutionProperties) = preSolution
		HideSolutionNode = FALSE
	EndGlobalSection
	GlobalSection(ExtensibilityGlobals) = postSolution
		SolutionGuid = {EAA430AE-E83C-4031-9789-69ACDEAAD8D3}
	EndGlobalSection
EndGlobal
