
Microsoft Visual Studio Solution File, Format Version 12.00
# Visual Studio Version 16
VisualStudioVersion = 16.0.33130.400
MinimumVisualStudioVersion = 10.0.40219.1
Project("{FAE04EC0-301F-11D3-BF4B-00C04F79EFBC}") = "WebApplication1", "WebApplication1\WebApplication1.csproj", "{53586FD7-8108-49F6-B74D-66EFA80A55AD}"
EndProject
Global
	GlobalSection(SolutionConfigurationPlatforms) = preSolution
		Debug|Any CPU = Debug|Any CPU
		Release|Any CPU = Release|Any CPU
	EndGlobalSection
	GlobalSection(ProjectConfigurationPlatforms) = postSolution
		{53586FD7-8108-49F6-B74D-66EFA80A55AD}.Debug|Any CPU.ActiveCfg = Debug|Any CPU
		{53586FD7-8108-49F6-B74D-66EFA80A55AD}.Debug|Any CPU.Build.0 = Debug|Any CPU
		{53586FD7-8108-49F6-B74D-66EFA80A55AD}.Release|Any CPU.ActiveCfg = Release|Any CPU
		{53586FD7-8108-49F6-B74D-66EFA80A55AD}.Release|Any CPU.Build.0 = Release|Any CPU
	EndGlobalSection
	GlobalSection(SolutionProperties) = preSolution
		HideSolutionNode = FALSE
	EndGlobalSection
	GlobalSection(ExtensibilityGlobals) = postSolution
		SolutionGuid = {8FFDA37B-4E5C-48FA-8B12-9F5BF647A78D}
	EndGlobalSection
EndGlobal
